
Microsoft Visual Studio Solution File, Format Version 12.00
# Visual Studio Version 16
VisualStudioVersion = 16.0.33027.164
MinimumVisualStudioVersion = 10.0.40219.1
Project("{9A19103F-16F7-4668-BE54-9A1E7A4F7556}") = "AdvanceProjectMVC.UI", "AdvanceProjectMVC.UI\AdvanceProjectMVC.UI.csproj", "{DCC67543-D2E0-4255-86D0-52D50FCCD529}"
EndProject
Project("{9A19103F-16F7-4668-BE54-9A1E7A4F7556}") = "AdvanceProjectMVC.ConnectService", "AdvanceProjectMVC.ConnectService\AdvanceProjectMVC.ConnectService.csproj", "{68EE0555-B18C-4CE1-A3A2-0D69E3828467}"
EndProject
Project("{9A19103F-16F7-4668-BE54-9A1E7A4F7556}") = "AdvanceProjectMVC.Dto", "AdvanceProjectMVC.Dto\AdvanceProjectMVC.Dto.csproj", "{BFF6822F-F12D-45DB-B321-CE95280EEA91}"
EndProject
Global
	GlobalSection(SolutionConfigurationPlatforms) = preSolution
		Debug|Any CPU = Debug|Any CPU
		Release|Any CPU = Release|Any CPU
	EndGlobalSection
	GlobalSection(ProjectConfigurationPlatforms) = postSolution
		{DCC67543-D2E0-4255-86D0-52D50FCCD529}.Debug|Any CPU.ActiveCfg = Debug|Any CPU
		{DCC67543-D2E0-4255-86D0-52D50FCCD529}.Debug|Any CPU.Build.0 = Debug|Any CPU
		{DCC67543-D2E0-4255-86D0-52D50FCCD529}.Release|Any CPU.ActiveCfg = Release|Any CPU
		{DCC67543-D2E0-4255-86D0-52D50FCCD529}.Release|Any CPU.Build.0 = Release|Any CPU
		{68EE0555-B18C-4CE1-A3A2-0D69E3828467}.Debug|Any CPU.ActiveCfg = Debug|Any CPU
		{68EE0555-B18C-4CE1-A3A2-0D69E3828467}.Debug|Any CPU.Build.0 = Debug|Any CPU
		{68EE0555-B18C-4CE1-A3A2-0D69E3828467}.Release|Any CPU.ActiveCfg = Release|Any CPU
		{68EE0555-B18C-4CE1-A3A2-0D69E3828467}.Release|Any CPU.Build.0 = Release|Any CPU
		{BFF6822F-F12D-45DB-B321-CE95280EEA91}.Debug|Any CPU.ActiveCfg = Debug|Any CPU
		{BFF6822F-F12D-45DB-B321-CE95280EEA91}.Debug|Any CPU.Build.0 = Debug|Any CPU
		{BFF6822F-F12D-45DB-B321-CE95280EEA91}.Release|Any CPU.ActiveCfg = Release|Any CPU
		{BFF6822F-F12D-45DB-B321-CE95280EEA91}.Release|Any CPU.Build.0 = Release|Any CPU
	EndGlobalSection
	GlobalSection(SolutionProperties) = preSolution
		HideSolutionNode = FALSE
	EndGlobalSection
	GlobalSection(ExtensibilityGlobals) = postSolution
		SolutionGuid = {3D1ED5A3-429C-49B5-B9FB-FC097A47B94B}
	EndGlobalSection
EndGlobal
